github.com/elastic/go-elasticsearch/v6 v6.8.10 h1:2lN0gJ93gMBXvkhwih5xquldszpm8FlUwqG5sPzr6a8=
github.com/elastic/go-elasticsearch/v6 v6.8.10/go.mod h1:UwaDJsD3rWLM5rKNFzv9hgox93HoX8utj1kxD9aFUcI=
github.com/elastic/go-elasticsearch/v7 v7.13.0 h1:sXRxqABXy3wC0msonnFltRI41uN4Q1p7Vylm/U0BvO4=
github.com/elastic/go-elasticsearch/v7 v7.13.0/go.mod h1:OJ4wdbtDNk5g503kvlHLyErCgQwwzmDtaFC4XyOxXA4=
github.com/pkg/errors v0.9.1 h1:FEBLx1zS214owpjy7qsBeixbURkuhQAwrK5UwLGTwt4=
github.com/pkg/errors v0.9.1/go.mod h1:bwawxfHBFNV+L2hUp1rHADufV3IMtnDRdf1r5NINEl0=
